// !$*UTF8*$!
{
	archiveVersion = 1;
	classes = {
	};
	objectVersion = 50;
	objects = {

/* Begin PBXBuildFile section */
		535AA4C4C469A03037121D9C /* Pods_GentlemanTests.framework in Frameworks */ = {isa = PBXBuildFile; fileRef = 3B677C9C3A3856E2015B298F /* Pods_GentlemanTests.framework */; };
		5C999F02CD37D52AE7E46918 /* Pods_Gentleman.framework in Frameworks */ = {isa = PBXBuildFile; fileRef = 30A2214F2787BE98A4DD663B /* Pods_Gentleman.framework */; };
		6B2DF967E9BC1F85C9971953 /* Pods_GentlemanUITests.framework in Frameworks */ = {isa = PBXBuildFile; fileRef = 37F470047DDF53A15E32FCFE /* Pods_GentlemanUITests.framework */; };
		706CF5C9225AB08200622324 /* ContainerVC.swift in Sources */ = {isa = PBXBuildFile; fileRef = 70936722223082A600B19323 /* ContainerVC.swift */; };
		706CF5CA225AB08300622324 /* ContainerVC.swift in Sources */ = {isa = PBXBuildFile; fileRef = 70936722223082A600B19323 /* ContainerVC.swift */; };
		706CF5CC225BDD7500622324 /* SideMenuVC.swift in Sources */ = {isa = PBXBuildFile; fileRef = 706CF5CB225BDD7500622324 /* SideMenuVC.swift */; };
		706CF5CE225EB00100622324 /* MainVC.swift in Sources */ = {isa = PBXBuildFile; fileRef = 706CF5CD225EB00100622324 /* MainVC.swift */; };
		706CF5D02263C3FF00622324 /* CalibrationVC.swift in Sources */ = {isa = PBXBuildFile; fileRef = 706CF5CF2263C3FF00622324 /* CalibrationVC.swift */; };
		706CF5D22265159300622324 /* SpeedVC.swift in Sources */ = {isa = PBXBuildFile; fileRef = 706CF5D12265159200622324 /* SpeedVC.swift */; };
		706CF5D52266795600622324 /* Gentleman.xcdatamodeld in Sources */ = {isa = PBXBuildFile; fileRef = 706CF5D32266795600622324 /* Gentleman.xcdatamodeld */; };
		706CF5D822667C7000622324 /* Profile+CoreDataClass.swift in Sources */ = {isa = PBXBuildFile; fileRef = 706CF5D622667C7000622324 /* Profile+CoreDataClass.swift */; };
		706CF5D922667C7000622324 /* Profile+CoreDataProperties.swift in Sources */ = {isa = PBXBuildFile; fileRef = 706CF5D722667C7000622324 /* Profile+CoreDataProperties.swift */; };
		706CF5DB22667D4100622324 /* PersistenceManager.swift in Sources */ = {isa = PBXBuildFile; fileRef = 706CF5DA22667D4100622324 /* PersistenceManager.swift */; };
		707DDE58226D473F00405A1D /* MyriadPro-Light.otf in Resources */ = {isa = PBXBuildFile; fileRef = 707DDE57226D473F00405A1D /* MyriadPro-Light.otf */; };
		707E693F22694E2600F6E09A /* GoogleService-Info.plist in Resources */ = {isa = PBXBuildFile; fileRef = 707E693E22694E2500F6E09A /* GoogleService-Info.plist */; };
		70936721223082A600B19323 /* AppDelegate.swift in Sources */ = {isa = PBXBuildFile; fileRef = 70936720223082A600B19323 /* AppDelegate.swift */; };
		70936723223082A600B19323 /* ContainerVC.swift in Sources */ = {isa = PBXBuildFile; fileRef = 70936722223082A600B19323 /* ContainerVC.swift */; };
		70936726223082A600B19323 /* Main.storyboard in Resources */ = {isa = PBXBuildFile; fileRef = 70936724223082A600B19323 /* Main.storyboard */; };
		70936728223082A700B19323 /* Assets.xcassets in Resources */ = {isa = PBXBuildFile; fileRef = 70936727223082A700B19323 /* Assets.xcassets */; };
		7093672B223082A700B19323 /* LaunchScreen.storyboard in Resources */ = {isa = PBXBuildFile; fileRef = 70936729223082A700B19323 /* LaunchScreen.storyboard */; };
		70936736223082A700B19323 /* GentlemanTests.swift in Sources */ = {isa = PBXBuildFile; fileRef = 70936735223082A700B19323 /* GentlemanTests.swift */; };
		70936741223082A700B19323 /* GentlemanUITests.swift in Sources */ = {isa = PBXBuildFile; fileRef = 70936740223082A700B19323 /* GentlemanUITests.swift */; };
/* End PBXBuildFile section */

/* Begin PBXContainerItemProxy section */
		70936732223082A700B19323 /* PBXContainerItemProxy */ = {
			isa = PBXContainerItemProxy;
			containerPortal = 70936715223082A600B19323 /* Project object */;
			proxyType = 1;
			remoteGlobalIDString = 7093671C223082A600B19323;
			remoteInfo = Gentleman;
		};
		7093673D223082A700B19323 /* PBXContainerItemProxy */ = {
			isa = PBXContainerItemProxy;
			containerPortal = 70936715223082A600B19323 /* Project object */;
			proxyType = 1;
			remoteGlobalIDString = 7093671C223082A600B19323;
			remoteInfo = Gentleman;
		};
/* End PBXContainerItemProxy section */

/* Begin PBXFileReference section */
		05D8399C3BA6BDC23644406C /* Pods-GentlemanTests.release.xcconfig */ = {isa = PBXFileReference; includeInIndex = 1; lastKnownFileType = text.xcconfig; name = "Pods-GentlemanTests.release.xcconfig"; path = "Target Support Files/Pods-GentlemanTests/Pods-GentlemanTests.release.xcconfig"; sourceTree = "<group>"; };
		1CD011A9E6D004955BA9E8CA /* Pods-Gentleman.release.xcconfig */ = {isa = PBXFileReference; includeInIndex = 1; lastKnownFileType = text.xcconfig; name = "Pods-Gentleman.release.xcconfig"; path = "Target Support Files/Pods-Gentleman/Pods-Gentleman.release.xcconfig"; sourceTree = "<group>"; };
		30A2214F2787BE98A4DD663B /* Pods_Gentleman.framework */ = {isa = PBXFileReference; explicitFileType = wrapper.framework; includeInIndex = 0; path = Pods_Gentleman.framework; sourceTree = BUILT_PRODUCTS_DIR; };
		37F470047DDF53A15E32FCFE /* Pods_GentlemanUITests.framework */ = {isa = PBXFileReference; explicitFileType = wrapper.framework; includeInIndex = 0; path = Pods_GentlemanUITests.framework; sourceTree = BUILT_PRODUCTS_DIR; };
		3B677C9C3A3856E2015B298F /* Pods_GentlemanTests.framework */ = {isa = PBXFileReference; explicitFileType = wrapper.framework; includeInIndex = 0; path = Pods_GentlemanTests.framework; sourceTree = BUILT_PRODUCTS_DIR; };
		5717DE1B8D64CE0C7F429D5A /* Pods-GentlemanUITests.release.xcconfig */ = {isa = PBXFileReference; includeInIndex = 1; lastKnownFileType = text.xcconfig; name = "Pods-GentlemanUITests.release.xcconfig"; path = "Target Support Files/Pods-GentlemanUITests/Pods-GentlemanUITests.release.xcconfig"; sourceTree = "<group>"; };
		706CF5CB225BDD7500622324 /* SideMenuVC.swift */ = {isa = PBXFileReference; lastKnownFileType = sourcecode.swift; path = SideMenuVC.swift; sourceTree = "<group>"; };
		706CF5CD225EB00100622324 /* MainVC.swift */ = {isa = PBXFileReference; lastKnownFileType = sourcecode.swift; path = MainVC.swift; sourceTree = "<group>"; };
		706CF5CF2263C3FF00622324 /* CalibrationVC.swift */ = {isa = PBXFileReference; lastKnownFileType = sourcecode.swift; path = CalibrationVC.swift; sourceTree = "<group>"; };
		706CF5D12265159200622324 /* SpeedVC.swift */ = {isa = PBXFileReference; lastKnownFileType = sourcecode.swift; path = SpeedVC.swift; sourceTree = "<group>"; };
		706CF5D42266795600622324 /* Gentleman.xcdatamodel */ = {isa = PBXFileReference; lastKnownFileType = wrapper.xcdatamodel; path = Gentleman.xcdatamodel; sourceTree = "<group>"; };
		706CF5D622667C7000622324 /* Profile+CoreDataClass.swift */ = {isa = PBXFileReference; lastKnownFileType = sourcecode.swift; path = "Profile+CoreDataClass.swift"; sourceTree = "<group>"; };
		706CF5D722667C7000622324 /* Profile+CoreDataProperties.swift */ = {isa = PBXFileReference; lastKnownFileType = sourcecode.swift; path = "Profile+CoreDataProperties.swift"; sourceTree = "<group>"; };
		706CF5DA22667D4100622324 /* PersistenceManager.swift */ = {isa = PBXFileReference; lastKnownFileType = sourcecode.swift; path = PersistenceManager.swift; sourceTree = "<group>"; };
		707DDE57226D473F00405A1D /* MyriadPro-Light.otf */ = {isa = PBXFileReference; lastKnownFileType = file; path = "MyriadPro-Light.otf"; sourceTree = "<group>"; };
		707E693E22694E2500F6E09A /* GoogleService-Info.plist */ = {isa = PBXFileReference; fileEncoding = 4; lastKnownFileType = text.plist.xml; path = "GoogleService-Info.plist"; sourceTree = "<group>"; };
		7093671D223082A600B19323 /* Gentleman.app */ = {isa = PBXFileReference; explicitFileType = wrapper.application; includeInIndex = 0; path = Gentleman.app; sourceTree = BUILT_PRODUCTS_DIR; };
		70936720223082A600B19323 /* AppDelegate.swift */ = {isa = PBXFileReference; lastKnownFileType = sourcecode.swift; path = AppDelegate.swift; sourceTree = "<group>"; };
		70936722223082A600B19323 /* ContainerVC.swift */ = {isa = PBXFileReference; lastKnownFileType = sourcecode.swift; path = ContainerVC.swift; sourceTree = "<group>"; };
		70936725223082A600B19323 /* Base */ = {isa = PBXFileReference; lastKnownFileType = file.storyboard; name = Base; path = Base.lproj/Main.storyboard; sourceTree = "<group>"; };
		70936727223082A700B19323 /* Assets.xcassets */ = {isa = PBXFileReference; lastKnownFileType = folder.assetcatalog; path = Assets.xcassets; sourceTree = "<group>"; };
		7093672A223082A700B19323 /* Base */ = {isa = PBXFileReference; lastKnownFileType = file.storyboard; name = Base; path = Base.lproj/LaunchScreen.storyboard; sourceTree = "<group>"; };
		7093672C223082A700B19323 /* Info.plist */ = {isa = PBXFileReference; lastKnownFileType = text.plist.xml; path = Info.plist; sourceTree = "<group>"; };
		70936731223082A700B19323 /* GentlemanTests.xctest */ = {isa = PBXFileReference; explicitFileType = wrapper.cfbundle; includeInIndex = 0; path = GentlemanTests.xctest; sourceTree = BUILT_PRODUCTS_DIR; };
		70936735223082A700B19323 /* GentlemanTests.swift */ = {isa = PBXFileReference; lastKnownFileType = sourcecode.swift; path = GentlemanTests.swift; sourceTree = "<group>"; };
		70936737223082A700B19323 /* Info.plist */ = {isa = PBXFileReference; lastKnownFileType = text.plist.xml; path = Info.plist; sourceTree = "<group>"; };
		7093673C223082A700B19323 /* GentlemanUITests.xctest */ = {isa = PBXFileReference; explicitFileType = wrapper.cfbundle; includeInIndex = 0; path = GentlemanUITests.xctest; sourceTree = BUILT_PRODUCTS_DIR; };
		70936740223082A700B19323 /* GentlemanUITests.swift */ = {isa = PBXFileReference; lastKnownFileType = sourcecode.swift; path = GentlemanUITests.swift; sourceTree = "<group>"; };
		70936742223082A700B19323 /* Info.plist */ = {isa = PBXFileReference; lastKnownFileType = text.plist.xml; path = Info.plist; sourceTree = "<group>"; };
		9E8840D1C9F2922C885DD201 /* Pods-Gentleman.debug.xcconfig */ = {isa = PBXFileReference; includeInIndex = 1; lastKnownFileType = text.xcconfig; name = "Pods-Gentleman.debug.xcconfig"; path = "Target Support Files/Pods-Gentleman/Pods-Gentleman.debug.xcconfig"; sourceTree = "<group>"; };
		CC5C1A9A5F77B931D3617291 /* Pods-GentlemanUITests.debug.xcconfig */ = {isa = PBXFileReference; includeInIndex = 1; lastKnownFileType = text.xcconfig; name = "Pods-GentlemanUITests.debug.xcconfig"; path = "Target Support Files/Pods-GentlemanUITests/Pods-GentlemanUITests.debug.xcconfig"; sourceTree = "<group>"; };
		E3AB3D339D64A1EF041B44D2 /* Pods-GentlemanTests.debug.xcconfig */ = {isa = PBXFileReference; includeInIndex = 1; lastKnownFileType = text.xcconfig; name = "Pods-GentlemanTests.debug.xcconfig"; path = "Target Support Files/Pods-GentlemanTests/Pods-GentlemanTests.debug.xcconfig"; sourceTree = "<group>"; };
/* End PBXFileReference section */

/* Begin PBXFrameworksBuildPhase section */
		7093671A223082A600B19323 /* Frameworks */ = {
			isa = PBXFrameworksBuildPhase;
			buildActionMask = 2147483647;
			files = (
				5C999F02CD37D52AE7E46918 /* Pods_Gentleman.framework in Frameworks */,
			);
			runOnlyForDeploymentPostprocessing = 0;
		};
		7093672E223082A700B19323 /* Frameworks */ = {
			isa = PBXFrameworksBuildPhase;
			buildActionMask = 2147483647;
			files = (
				535AA4C4C469A03037121D9C /* Pods_GentlemanTests.framework in Frameworks */,
			);
			runOnlyForDeploymentPostprocessing = 0;
		};
		70936739223082A700B19323 /* Frameworks */ = {
			isa = PBXFrameworksBuildPhase;
			buildActionMask = 2147483647;
			files = (
				6B2DF967E9BC1F85C9971953 /* Pods_GentlemanUITests.framework in Frameworks */,
			);
			runOnlyForDeploymentPostprocessing = 0;
		};
/* End PBXFrameworksBuildPhase section */

/* Begin PBXGroup section */
		239F827C57D6F08F3E5A0583 /* Pods */ = {
			isa = PBXGroup;
			children = (
				9E8840D1C9F2922C885DD201 /* Pods-Gentleman.debug.xcconfig */,
				1CD011A9E6D004955BA9E8CA /* Pods-Gentleman.release.xcconfig */,
				E3AB3D339D64A1EF041B44D2 /* Pods-GentlemanTests.debug.xcconfig */,
				05D8399C3BA6BDC23644406C /* Pods-GentlemanTests.release.xcconfig */,
				CC5C1A9A5F77B931D3617291 /* Pods-GentlemanUITests.debug.xcconfig */,
				5717DE1B8D64CE0C7F429D5A /* Pods-GentlemanUITests.release.xcconfig */,
			);
			path = Pods;
			sourceTree = "<group>";
		};
		281E182AC0DBC0C083CB7DAF /* Frameworks */ = {
			isa = PBXGroup;
			children = (
				30A2214F2787BE98A4DD663B /* Pods_Gentleman.framework */,
				3B677C9C3A3856E2015B298F /* Pods_GentlemanTests.framework */,
				37F470047DDF53A15E32FCFE /* Pods_GentlemanUITests.framework */,
			);
			name = Frameworks;
			sourceTree = "<group>";
		};
		70936714223082A600B19323 = {
			isa = PBXGroup;
			children = (
				7093671F223082A600B19323 /* Gentleman */,
				70936734223082A700B19323 /* GentlemanTests */,
				7093673F223082A700B19323 /* GentlemanUITests */,
				7093671E223082A600B19323 /* Products */,
				239F827C57D6F08F3E5A0583 /* Pods */,
				281E182AC0DBC0C083CB7DAF /* Frameworks */,
			);
			sourceTree = "<group>";
		};
		7093671E223082A600B19323 /* Products */ = {
			isa = PBXGroup;
			children = (
				7093671D223082A600B19323 /* Gentleman.app */,
				70936731223082A700B19323 /* GentlemanTests.xctest */,
				7093673C223082A700B19323 /* GentlemanUITests.xctest */,
			);
			name = Products;
			sourceTree = "<group>";
		};
		7093671F223082A600B19323 /* Gentleman */ = {
			isa = PBXGroup;
			children = (
				707E693E22694E2500F6E09A /* GoogleService-Info.plist */,
				706CF5D622667C7000622324 /* Profile+CoreDataClass.swift */,
				706CF5D722667C7000622324 /* Profile+CoreDataProperties.swift */,
				706CF5D32266795600622324 /* Gentleman.xcdatamodeld */,
				70936720223082A600B19323 /* AppDelegate.swift */,
				70936722223082A600B19323 /* ContainerVC.swift */,
				706CF5CB225BDD7500622324 /* SideMenuVC.swift */,
				706CF5CD225EB00100622324 /* MainVC.swift */,
				70936724223082A600B19323 /* Main.storyboard */,
				70936727223082A700B19323 /* Assets.xcassets */,
				70936729223082A700B19323 /* LaunchScreen.storyboard */,
				7093672C223082A700B19323 /* Info.plist */,
				706CF5CF2263C3FF00622324 /* CalibrationVC.swift */,
				707DDE57226D473F00405A1D /* MyriadPro-Light.otf */,
				706CF5D12265159200622324 /* SpeedVC.swift */,
				706CF5DA22667D4100622324 /* PersistenceManager.swift */,
			);
			path = Gentleman;
			sourceTree = "<group>";
		};
		70936734223082A700B19323 /* GentlemanTests */ = {
			isa = PBXGroup;
			children = (
				70936735223082A700B19323 /* GentlemanTests.swift */,
				70936737223082A700B19323 /* Info.plist */,
			);
			path = GentlemanTests;
			sourceTree = "<group>";
		};
		7093673F223082A700B19323 /* GentlemanUITests */ = {
			isa = PBXGroup;
			children = (
				70936740223082A700B19323 /* GentlemanUITests.swift */,
				70936742223082A700B19323 /* Info.plist */,
			);
			path = GentlemanUITests;
			sourceTree = "<group>";
		};
/* End PBXGroup section */

/* Begin PBXNativeTarget section */
		7093671C223082A600B19323 /* Gentleman */ = {
			isa = PBXNativeTarget;
			buildConfigurationList = 70936745223082A700B19323 /* Build configuration list for PBXNativeTarget "Gentleman" */;
			buildPhases = (
				54B5B6DA2236570EAC396BCE /* [CP] Check Pods Manifest.lock */,
				70936719223082A600B19323 /* Sources */,
				7093671A223082A600B19323 /* Frameworks */,
				7093671B223082A600B19323 /* Resources */,
				6CD9DCCA45EE24E45E7A1BDE /* [CP] Embed Pods Frameworks */,
			);
			buildRules = (
			);
			dependencies = (
			);
			name = Gentleman;
			productName = Gentleman;
			productReference = 7093671D223082A600B19323 /* Gentleman.app */;
			productType = "com.apple.product-type.application";
		};
		70936730223082A700B19323 /* GentlemanTests */ = {
			isa = PBXNativeTarget;
			buildConfigurationList = 70936748223082A700B19323 /* Build configuration list for PBXNativeTarget "GentlemanTests" */;
			buildPhases = (
				0AA95363B98B79E04C4400D7 /* [CP] Check Pods Manifest.lock */,
				7093672D223082A700B19323 /* Sources */,
				7093672E223082A700B19323 /* Frameworks */,
				7093672F223082A700B19323 /* Resources */,
			);
			buildRules = (
			);
			dependencies = (
				70936733223082A700B19323 /* PBXTargetDependency */,
			);
			name = GentlemanTests;
			productName = GentlemanTests;
			productReference = 70936731223082A700B19323 /* GentlemanTests.xctest */;
			productType = "com.apple.product-type.bundle.unit-test";
		};
		7093673B223082A700B19323 /* GentlemanUITests */ = {
			isa = PBXNativeTarget;
			buildConfigurationList = 7093674B223082A700B19323 /* Build configuration list for PBXNativeTarget "GentlemanUITests" */;
			buildPhases = (
				3346E3AA20E442CC837E474A /* [CP] Check Pods Manifest.lock */,
				70936738223082A700B19323 /* Sources */,
				70936739223082A700B19323 /* Frameworks */,
				7093673A223082A700B19323 /* Resources */,
			);
			buildRules = (
			);
			dependencies = (
				7093673E223082A700B19323 /* PBXTargetDependency */,
			);
			name = GentlemanUITests;
			productName = GentlemanUITests;
			productReference = 7093673C223082A700B19323 /* GentlemanUITests.xctest */;
			productType = "com.apple.product-type.bundle.ui-testing";
		};
/* End PBXNativeTarget section */

/* Begin PBXProject section */
		70936715223082A600B19323 /* Project object */ = {
			isa = PBXProject;
			attributes = {
				LastSwiftUpdateCheck = 1010;
				LastUpgradeCheck = 1010;
				ORGANIZATIONNAME = "Prasant Kalidindi";
				TargetAttributes = {
					7093671C223082A600B19323 = {
						CreatedOnToolsVersion = 10.1;
					};
					70936730223082A700B19323 = {
						CreatedOnToolsVersion = 10.1;
						TestTargetID = 7093671C223082A600B19323;
					};
					7093673B223082A700B19323 = {
						CreatedOnToolsVersion = 10.1;
						TestTargetID = 7093671C223082A600B19323;
					};
				};
			};
			buildConfigurationList = 70936718223082A600B19323 /* Build configuration list for PBXProject "Gentleman" */;
			compatibilityVersion = "Xcode 9.3";
			developmentRegion = en;
			hasScannedForEncodings = 0;
			knownRegions = (
				en,
				Base,
			);
			mainGroup = 70936714223082A600B19323;
			productRefGroup = 7093671E223082A600B19323 /* Products */;
			projectDirPath = "";
			projectRoot = "";
			targets = (
				7093671C223082A600B19323 /* Gentleman */,
				70936730223082A700B19323 /* GentlemanTests */,
				7093673B223082A700B19323 /* GentlemanUITests */,
			);
		};
/* End PBXProject section */

/* Begin PBXResourcesBuildPhase section */
		7093671B223082A600B19323 /* Resources */ = {
			isa = PBXResourcesBuildPhase;
			buildActionMask = 2147483647;
			files = (
				7093672B223082A700B19323 /* LaunchScreen.storyboard in Resources */,
				707DDE58226D473F00405A1D /* MyriadPro-Light.otf in Resources */,
				707E693F22694E2600F6E09A /* GoogleService-Info.plist in Resources */,
				70936728223082A700B19323 /* Assets.xcassets in Resources */,
				70936726223082A600B19323 /* Main.storyboard in Resources */,
			);
			runOnlyForDeploymentPostprocessing = 0;
		};
		7093672F223082A700B19323 /* Resources */ = {
			isa = PBXResourcesBuildPhase;
			buildActionMask = 2147483647;
			files = (
			);
			runOnlyForDeploymentPostprocessing = 0;
		};
		7093673A223082A700B19323 /* Resources */ = {
			isa = PBXResourcesBuildPhase;
			buildActionMask = 2147483647;
			files = (
			);
			runOnlyForDeploymentPostprocessing = 0;
		};
/* End PBXResourcesBuildPhase section */

/* Begin PBXShellScriptBuildPhase section */
		0AA95363B98B79E04C4400D7 /* [CP] Check Pods Manifest.lock */ = {
			isa = PBXShellScriptBuildPhase;
			buildActionMask = 2147483647;
			files = (
			);
			inputFileListPaths = (
			);
			inputPaths = (
				"${PODS_PODFILE_DIR_PATH}/Podfile.lock",
				"${PODS_ROOT}/Manifest.lock",
			);
			name = "[CP] Check Pods Manifest.lock";
			outputFileListPaths = (
			);
			outputPaths = (
				"$(DERIVED_FILE_DIR)/Pods-GentlemanTests-checkManifestLockResult.txt",
			);
			runOnlyForDeploymentPostprocessing = 0;
			shellPath = /bin/sh;
			shellScript = "diff \"${PODS_PODFILE_DIR_PATH}/Podfile.lock\" \"${PODS_ROOT}/Manifest.lock\" > /dev/null\nif [ $? != 0 ] ; then\n    # print error to STDERR\n    echo \"error: The sandbox is not in sync with the Podfile.lock. Run 'pod install' or update your CocoaPods installation.\" >&2\n    exit 1\nfi\n# This output is used by Xcode 'outputs' to avoid re-running this script phase.\necho \"SUCCESS\" > \"${SCRIPT_OUTPUT_FILE_0}\"\n";
			showEnvVarsInLog = 0;
		};
		3346E3AA20E442CC837E474A /* [CP] Check Pods Manifest.lock */ = {
			isa = PBXShellScriptBuildPhase;
			buildActionMask = 2147483647;
			files = (
			);
			inputFileListPaths = (
			);
			inputPaths = (
				"${PODS_PODFILE_DIR_PATH}/Podfile.lock",
				"${PODS_ROOT}/Manifest.lock",
			);
			name = "[CP] Check Pods Manifest.lock";
			outputFileListPaths = (
			);
			outputPaths = (
				"$(DERIVED_FILE_DIR)/Pods-GentlemanUITests-checkManifestLockResult.txt",
			);
			runOnlyForDeploymentPostprocessing = 0;
			shellPath = /bin/sh;
			shellScript = "diff \"${PODS_PODFILE_DIR_PATH}/Podfile.lock\" \"${PODS_ROOT}/Manifest.lock\" > /dev/null\nif [ $? != 0 ] ; then\n    # print error to STDERR\n    echo \"error: The sandbox is not in sync with the Podfile.lock. Run 'pod install' or update your CocoaPods installation.\" >&2\n    exit 1\nfi\n# This output is used by Xcode 'outputs' to avoid re-running this script phase.\necho \"SUCCESS\" > \"${SCRIPT_OUTPUT_FILE_0}\"\n";
			showEnvVarsInLog = 0;
		};
		54B5B6DA2236570EAC396BCE /* [CP] Check Pods Manifest.lock */ = {
			isa = PBXShellScriptBuildPhase;
			buildActionMask = 2147483647;
			files = (
			);
			inputFileListPaths = (
			);
			inputPaths = (
				"${PODS_PODFILE_DIR_PATH}/Podfile.lock",
				"${PODS_ROOT}/Manifest.lock",
			);
			name = "[CP] Check Pods Manifest.lock";
			outputFileListPaths = (
			);
			outputPaths = (
				"$(DERIVED_FILE_DIR)/Pods-Gentleman-checkManifestLockResult.txt",
			);
			runOnlyForDeploymentPostprocessing = 0;
			shellPath = /bin/sh;
			shellScript = "diff \"${PODS_PODFILE_DIR_PATH}/Podfile.lock\" \"${PODS_ROOT}/Manifest.lock\" > /dev/null\nif [ $? != 0 ] ; then\n    # print error to STDERR\n    echo \"error: The sandbox is not in sync with the Podfile.lock. Run 'pod install' or update your CocoaPods installation.\" >&2\n    exit 1\nfi\n# This output is used by Xcode 'outputs' to avoid re-running this script phase.\necho \"SUCCESS\" > \"${SCRIPT_OUTPUT_FILE_0}\"\n";
			showEnvVarsInLog = 0;
		};
		6CD9DCCA45EE24E45E7A1BDE /* [CP] Embed Pods Frameworks */ = {
			isa = PBXShellScriptBuildPhase;
			buildActionMask = 2147483647;
			files = (
			);
			inputFileListPaths = (
			);
			inputPaths = (
				"${PODS_ROOT}/Target Support Files/Pods-Gentleman/Pods-Gentleman-frameworks.sh",
				"${BUILT_PRODUCTS_DIR}/AWSCognito/AWSCognito.framework",
				"${BUILT_PRODUCTS_DIR}/AWSCore/AWSCore.framework",
				"${BUILT_PRODUCTS_DIR}/Alamofire/Alamofire.framework",
				"${BUILT_PRODUCTS_DIR}/GoogleUtilities/GoogleUtilities.framework",
				"${BUILT_PRODUCTS_DIR}/KeychainAccess/KeychainAccess.framework",
				"${BUILT_PRODUCTS_DIR}/Realm/Realm.framework",
				"${BUILT_PRODUCTS_DIR}/RealmSwift/RealmSwift.framework",
				"${BUILT_PRODUCTS_DIR}/nanopb/nanopb.framework",
			);
			name = "[CP] Embed Pods Frameworks";
			outputFileListPaths = (
			);
			outputPaths = (
				"${TARGET_BUILD_DIR}/${FRAMEWORKS_FOLDER_PATH}/AWSCognito.framework",
				"${TARGET_BUILD_DIR}/${FRAMEWORKS_FOLDER_PATH}/AWSCore.framework",
				"${TARGET_BUILD_DIR}/${FRAMEWORKS_FOLDER_PATH}/Alamofire.framework",
				"${TARGET_BUILD_DIR}/${FRAMEWORKS_FOLDER_PATH}/GoogleUtilities.framework",
				"${TARGET_BUILD_DIR}/${FRAMEWORKS_FOLDER_PATH}/KeychainAccess.framework",
				"${TARGET_BUILD_DIR}/${FRAMEWORKS_FOLDER_PATH}/Realm.framework",
				"${TARGET_BUILD_DIR}/${FRAMEWORKS_FOLDER_PATH}/RealmSwift.framework",
				"${TARGET_BUILD_DIR}/${FRAMEWORKS_FOLDER_PATH}/nanopb.framework",
			);
			runOnlyForDeploymentPostprocessing = 0;
			shellPath = /bin/sh;
			shellScript = "\"${PODS_ROOT}/Target Support Files/Pods-Gentleman/Pods-Gentleman-frameworks.sh\"\n";
			showEnvVarsInLog = 0;
		};
/* End PBXShellScriptBuildPhase section */

/* Begin PBXSourcesBuildPhase section */
		70936719223082A600B19323 /* Sources */ = {
			isa = PBXSourcesBuildPhase;
			buildActionMask = 2147483647;
			files = (
				706CF5D52266795600622324 /* Gentleman.xcdatamodeld in Sources */,
				706CF5DB22667D4100622324 /* PersistenceManager.swift in Sources */,
				70936723223082A600B19323 /* ContainerVC.swift in Sources */,
				706CF5CE225EB00100622324 /* MainVC.swift in Sources */,
				706CF5D822667C7000622324 /* Profile+CoreDataClass.swift in Sources */,
				70936721223082A600B19323 /* AppDelegate.swift in Sources */,
				706CF5D02263C3FF00622324 /* CalibrationVC.swift in Sources */,
				706CF5D22265159300622324 /* SpeedVC.swift in Sources */,
				706CF5D922667C7000622324 /* Profile+CoreDataProperties.swift in Sources */,
				706CF5CC225BDD7500622324 /* SideMenuVC.swift in Sources */,
			);
			runOnlyForDeploymentPostprocessing = 0;
		};
		7093672D223082A700B19323 /* Sources */ = {
			isa = PBXSourcesBuildPhase;
			buildActionMask = 2147483647;
			files = (
				706CF5C9225AB08200622324 /* ContainerVC.swift in Sources */,
				70936736223082A700B19323 /* GentlemanTests.swift in Sources */,
			);
			runOnlyForDeploymentPostprocessing = 0;
		};
		70936738223082A700B19323 /* Sources */ = {
			isa = PBXSourcesBuildPhase;
			buildActionMask = 2147483647;
			files = (
				706CF5CA225AB08300622324 /* ContainerVC.swift in Sources */,
				70936741223082A700B19323 /* GentlemanUITests.swift in Sources */,
			);
			runOnlyForDeploymentPostprocessing = 0;
		};
/* End PBXSourcesBuildPhase section */

/* Begin PBXTargetDependency section */
		70936733223082A700B19323 /* PBXTargetDependency */ = {
			isa = PBXTargetDependency;
			target = 7093671C223082A600B19323 /* Gentleman */;
			targetProxy = 70936732223082A700B19323 /* PBXContainerItemProxy */;
		};
		7093673E223082A700B19323 /* PBXTargetDependency */ = {
			isa = PBXTargetDependency;
			target = 7093671C223082A600B19323 /* Gentleman */;
			targetProxy = 7093673D223082A700B19323 /* PBXContainerItemProxy */;
		};
/* End PBXTargetDependency section */

/* Begin PBXVariantGroup section */
		70936724223082A600B19323 /* Main.storyboard */ = {
			isa = PBXVariantGroup;
			children = (
				70936725223082A600B19323 /* Base */,
			);
			name = Main.storyboard;
			sourceTree = "<group>";
		};
		70936729223082A700B19323 /* LaunchScreen.storyboard */ = {
			isa = PBXVariantGroup;
			children = (
				7093672A223082A700B19323 /* Base */,
			);
			name = LaunchScreen.storyboard;
			sourceTree = "<group>";
		};
/* End PBXVariantGroup section */

/* Begin XCBuildConfiguration section */
		70936743223082A700B19323 /* Debug */ = {
			isa = XCBuildConfiguration;
			buildSettings = {
				ALWAYS_SEARCH_USER_PATHS = NO;
				CLANG_ANALYZER_NONNULL = YES;
				CLANG_ANALYZER_NUMBER_OBJECT_CONVERSION = YES_AGGRESSIVE;
				CLANG_CXX_LANGUAGE_STANDARD = "gnu++14";
				CLANG_CXX_LIBRARY = "libc++";
				CLANG_ENABLE_MODULES = YES;
				CLANG_ENABLE_OBJC_ARC = YES;
				CLANG_ENABLE_OBJC_WEAK = YES;
				CLANG_WARN_BLOCK_CAPTURE_AUTORELEASING = YES;
				CLANG_WARN_BOOL_CONVERSION = YES;
				CLANG_WARN_COMMA = YES;
				CLANG_WARN_CONSTANT_CONVERSION = YES;
				CLANG_WARN_DEPRECATED_OBJC_IMPLEMENTATIONS = YES;
				CLANG_WARN_DIRECT_OBJC_ISA_USAGE = YES_ERROR;
				CLANG_WARN_DOCUMENTATION_COMMENTS = YES;
				CLANG_WARN_EMPTY_BODY = YES;
				CLANG_WARN_ENUM_CONVERSION = YES;
				CLANG_WARN_INFINITE_RECURSION = YES;
				CLANG_WARN_INT_CONVERSION = YES;
				CLANG_WARN_NON_LITERAL_NULL_CONVERSION = YES;
				CLANG_WARN_OBJC_IMPLICIT_RETAIN_SELF = YES;
				CLANG_WARN_OBJC_LITERAL_CONVERSION = YES;
				CLANG_WARN_OBJC_ROOT_CLASS = YES_ERROR;
				CLANG_WARN_RANGE_LOOP_ANALYSIS = YES;
				CLANG_WARN_STRICT_PROTOTYPES = YES;
				CLANG_WARN_SUSPICIOUS_MOVE = YES;
				CLANG_WARN_UNGUARDED_AVAILABILITY = YES_AGGRESSIVE;
				CLANG_WARN_UNREACHABLE_CODE = YES;
				CLANG_WARN__DUPLICATE_METHOD_MATCH = YES;
				CODE_SIGN_IDENTITY = "iPhone Developer";
				COPY_PHASE_STRIP = NO;
				DEBUG_INFORMATION_FORMAT = dwarf;
				ENABLE_STRICT_OBJC_MSGSEND = YES;
				ENABLE_TESTABILITY = YES;
				GCC_C_LANGUAGE_STANDARD = gnu11;
				GCC_DYNAMIC_NO_PIC = NO;
				GCC_NO_COMMON_BLOCKS = YES;
				GCC_OPTIMIZATION_LEVEL = 0;
				GCC_PREPROCESSOR_DEFINITIONS = (
					"DEBUG=1",
					"$(inherited)",
				);
				GCC_WARN_64_TO_32_BIT_CONVERSION = YES;
				GCC_WARN_ABOUT_RETURN_TYPE = YES_ERROR;
				GCC_WARN_UNDECLARED_SELECTOR = YES;
				GCC_WARN_UNINITIALIZED_AUTOS = YES_AGGRESSIVE;
				GCC_WARN_UNUSED_FUNCTION = YES;
				GCC_WARN_UNUSED_VARIABLE = YES;
				IPHONEOS_DEPLOYMENT_TARGET = 12.1;
				MTL_ENABLE_DEBUG_INFO = INCLUDE_SOURCE;
				MTL_FAST_MATH = YES;
				ONLY_ACTIVE_ARCH = YES;
				SDKROOT = iphoneos;
				SWIFT_ACTIVE_COMPILATION_CONDITIONS = DEBUG;
				SWIFT_OPTIMIZATION_LEVEL = "-Onone";
			};
			name = Debug;
		};
		70936744223082A700B19323 /* Release */ = {
			isa = XCBuildConfiguration;
			buildSettings = {
				ALWAYS_SEARCH_USER_PATHS = NO;
				CLANG_ANALYZER_NONNULL = YES;
				CLANG_ANALYZER_NUMBER_OBJECT_CONVERSION = YES_AGGRESSIVE;
				CLANG_CXX_LANGUAGE_STANDARD = "gnu++14";
				CLANG_CXX_LIBRARY = "libc++";
				CLANG_ENABLE_MODULES = YES;
				CLANG_ENABLE_OBJC_ARC = YES;
				CLANG_ENABLE_OBJC_WEAK = YES;
				CLANG_WARN_BLOCK_CAPTURE_AUTORELEASING = YES;
				CLANG_WARN_BOOL_CONVERSION = YES;
				CLANG_WARN_COMMA = YES;
				CLANG_WARN_CONSTANT_CONVERSION = YES;
				CLANG_WARN_DEPRECATED_OBJC_IMPLEMENTATIONS = YES;
				CLANG_WARN_DIRECT_OBJC_ISA_USAGE = YES_ERROR;
				CLANG_WARN_DOCUMENTATION_COMMENTS = YES;
				CLANG_WARN_EMPTY_BODY = YES;
				CLANG_WARN_ENUM_CONVERSION = YES;
				CLANG_WARN_INFINITE_RECURSION = YES;
				CLANG_WARN_INT_CONVERSION = YES;
				CLANG_WARN_NON_LITERAL_NULL_CONVERSION = YES;
				CLANG_WARN_OBJC_IMPLICIT_RETAIN_SELF = YES;
				CLANG_WARN_OBJC_LITERAL_CONVERSION = YES;
				CLANG_WARN_OBJC_ROOT_CLASS = YES_ERROR;
				CLANG_WARN_RANGE_LOOP_ANALYSIS = YES;
				CLANG_WARN_STRICT_PROTOTYPES = YES;
				CLANG_WARN_SUSPICIOUS_MOVE = YES;
				CLANG_WARN_UNGUARDED_AVAILABILITY = YES_AGGRESSIVE;
				CLANG_WARN_UNREACHABLE_CODE = YES;
				CLANG_WARN__DUPLICATE_METHOD_MATCH = YES;
				CODE_SIGN_IDENTITY = "iPhone Developer";
				COPY_PHASE_STRIP = NO;
				DEBUG_INFORMATION_FORMAT = "dwarf-with-dsym";
				ENABLE_NS_ASSERTIONS = NO;
				ENABLE_STRICT_OBJC_MSGSEND = YES;
				GCC_C_LANGUAGE_STANDARD = gnu11;
				GCC_NO_COMMON_BLOCKS = YES;
				GCC_WARN_64_TO_32_BIT_CONVERSION = YES;
				GCC_WARN_ABOUT_RETURN_TYPE = YES_ERROR;
				GCC_WARN_UNDECLARED_SELECTOR = YES;
				GCC_WARN_UNINITIALIZED_AUTOS = YES_AGGRESSIVE;
				GCC_WARN_UNUSED_FUNCTION = YES;
				GCC_WARN_UNUSED_VARIABLE = YES;
				IPHONEOS_DEPLOYMENT_TARGET = 12.1;
				MTL_ENABLE_DEBUG_INFO = NO;
				MTL_FAST_MATH = YES;
				SDKROOT = iphoneos;
				SWIFT_COMPILATION_MODE = wholemodule;
				SWIFT_OPTIMIZATION_LEVEL = "-O";
				VALIDATE_PRODUCT = YES;
			};
			name = Release;
		};
		70936746223082A700B19323 /* Debug */ = {
			isa = XCBuildConfiguration;
			baseConfigurationReference = 9E8840D1C9F2922C885DD201 /* Pods-Gentleman.debug.xcconfig */;
			buildSettings = {
				ASSETCATALOG_COMPILER_APPICON_NAME = AppIcon;
				CODE_SIGN_STYLE = Automatic;
				DEVELOPMENT_TEAM = F992D3JRY3;
				INFOPLIST_FILE = Gentleman/Info.plist;
				LD_RUNPATH_SEARCH_PATHS = (
					"$(inherited)",
					"@executable_path/Frameworks",
				);
				PRODUCT_BUNDLE_IDENTIFIER = com.sample.Gentleman;
				PRODUCT_NAME = "$(TARGET_NAME)";
				SWIFT_VERSION = 4.2;
				TARGETED_DEVICE_FAMILY = "1,2";
			};
			name = Debug;
		};
		70936747223082A700B19323 /* Release */ = {
			isa = XCBuildConfiguration;
			baseConfigurationReference = 1CD011A9E6D004955BA9E8CA /* Pods-Gentleman.release.xcconfig */;
			buildSettings = {
				ASSETCATALOG_COMPILER_APPICON_NAME = AppIcon;
				CODE_SIGN_STYLE = Automatic;
				DEVELOPMENT_TEAM = F992D3JRY3;
				INFOPLIST_FILE = Gentleman/Info.plist;
				LD_RUNPATH_SEARCH_PATHS = (
					"$(inherited)",
					"@executable_path/Frameworks",
				);
				PRODUCT_BUNDLE_IDENTIFIER = com.sample.Gentleman;
				PRODUCT_NAME = "$(TARGET_NAME)";
				SWIFT_VERSION = 4.2;
				TARGETED_DEVICE_FAMILY = "1,2";
			};
			name = Release;
		};
		70936749223082A700B19323 /* Debug */ = {
			isa = XCBuildConfiguration;
			baseConfigurationReference = E3AB3D339D64A1EF041B44D2 /* Pods-GentlemanTests.debug.xcconfig */;
			buildSettings = {
				ALWAYS_EMBED_SWIFT_STANDARD_LIBRARIES = YES;
				BUNDLE_LOADER = "$(TEST_HOST)";
				CODE_SIGN_STYLE = Automatic;
				INFOPLIST_FILE = GentlemanTests/Info.plist;
				LD_RUNPATH_SEARCH_PATHS = (
					"$(inherited)",
					"@executable_path/Frameworks",
					"@loader_path/Frameworks",
				);
				PRODUCT_BUNDLE_IDENTIFIER = com.sample.GentlemanTests;
				PRODUCT_NAME = "$(TARGET_NAME)";
				SWIFT_VERSION = 4.2;
				TARGETED_DEVICE_FAMILY = "1,2";
				TEST_HOST = "$(BUILT_PRODUCTS_DIR)/Gentleman.app/Gentleman";
			};
			name = Debug;
		};
		7093674A223082A700B19323 /* Release */ = {
			isa = XCBuildConfiguration;
			baseConfigurationReference = 05D8399C3BA6BDC23644406C /* Pods-GentlemanTests.release.xcconfig */;
			buildSettings = {
				ALWAYS_EMBED_SWIFT_STANDARD_LIBRARIES = YES;
				BUNDLE_LOADER = "$(TEST_HOST)";
				CODE_SIGN_STYLE = Automatic;
				INFOPLIST_FILE = GentlemanTests/Info.plist;
				LD_RUNPATH_SEARCH_PATHS = (
					"$(inherited)",
					"@executable_path/Frameworks",
					"@loader_path/Frameworks",
				);
				PRODUCT_BUNDLE_IDENTIFIER = com.sample.GentlemanTests;
				PRODUCT_NAME = "$(TARGET_NAME)";
				SWIFT_VERSION = 4.2;
				TARGETED_DEVICE_FAMILY = "1,2";
				TEST_HOST = "$(BUILT_PRODUCTS_DIR)/Gentleman.app/Gentleman";
			};
			name = Release;
		};
		7093674C223082A700B19323 /* Debug */ = {
			isa = XCBuildConfiguration;
			baseConfigurationReference = CC5C1A9A5F77B931D3617291 /* Pods-GentlemanUITests.debug.xcconfig */;
			buildSettings = {
				ALWAYS_EMBED_SWIFT_STANDARD_LIBRARIES = YES;
				CODE_SIGN_STYLE = Automatic;
				INFOPLIST_FILE = GentlemanUITests/Info.plist;
				LD_RUNPATH_SEARCH_PATHS = (
					"$(inherited)",
					"@executable_path/Frameworks",
					"@loader_path/Frameworks",
				);
				PRODUCT_BUNDLE_IDENTIFIER = com.sample.GentlemanUITests;
				PRODUCT_NAME = "$(TARGET_NAME)";
				SWIFT_VERSION = 4.2;
				TARGETED_DEVICE_FAMILY = "1,2";
				TEST_TARGET_NAME = Gentleman;
			};
			name = Debug;
		};
		7093674D223082A700B19323 /* Release */ = {
			isa = XCBuildConfiguration;
			baseConfigurationReference = 5717DE1B8D64CE0C7F429D5A /* Pods-GentlemanUITests.release.xcconfig */;
			buildSettings = {
				ALWAYS_EMBED_SWIFT_STANDARD_LIBRARIES = YES;
				CODE_SIGN_STYLE = Automatic;
				INFOPLIST_FILE = GentlemanUITests/Info.plist;
				LD_RUNPATH_SEARCH_PATHS = (
					"$(inherited)",
					"@executable_path/Frameworks",
					"@loader_path/Frameworks",
				);
				PRODUCT_BUNDLE_IDENTIFIER = com.sample.GentlemanUITests;
				PRODUCT_NAME = "$(TARGET_NAME)";
				SWIFT_VERSION = 4.2;
				TARGETED_DEVICE_FAMILY = "1,2";
				TEST_TARGET_NAME = Gentleman;
			};
			name = Release;
		};
/* End XCBuildConfiguration section */

/* Begin XCConfigurationList section */
		70936718223082A600B19323 /* Build configuration list for PBXProject "Gentleman" */ = {
			isa = XCConfigurationList;
			buildConfigurations = (
				70936743223082A700B19323 /* Debug */,
				70936744223082A700B19323 /* Release */,
			);
			defaultConfigurationIsVisible = 0;
			defaultConfigurationName = Release;
		};
		70936745223082A700B19323 /* Build configuration list for PBXNativeTarget "Gentleman" */ = {
			isa = XCConfigurationList;
			buildConfigurations = (
				70936746223082A700B19323 /* Debug */,
				70936747223082A700B19323 /* Release */,
			);
			defaultConfigurationIsVisible = 0;
			defaultConfigurationName = Release;
		};
		70936748223082A700B19323 /* Build configuration list for PBXNativeTarget "GentlemanTests" */ = {
			isa = XCConfigurationList;
			buildConfigurations = (
				70936749223082A700B19323 /* Debug */,
				7093674A223082A700B19323 /* Release */,
			);
			defaultConfigurationIsVisible = 0;
			defaultConfigurationName = Release;
		};
		7093674B223082A700B19323 /* Build configuration list for PBXNativeTarget "GentlemanUITests" */ = {
			isa = XCConfigurationList;
			buildConfigurations = (
				7093674C223082A700B19323 /* Debug */,
				7093674D223082A700B19323 /* Release */,
			);
			defaultConfigurationIsVisible = 0;
			defaultConfigurationName = Release;
		};
/* End XCConfigurationList section */

/* Begin XCVersionGroup section */
		706CF5D32266795600622324 /* Gentleman.xcdatamodeld */ = {
			isa = XCVersionGroup;
			children = (
				706CF5D42266795600622324 /* Gentleman.xcdatamodel */,
			);
			currentVersion = 706CF5D42266795600622324 /* Gentleman.xcdatamodel */;
			path = Gentleman.xcdatamodeld;
			sourceTree = "<group>";
			versionGroupType = wrapper.xcdatamodel;
		};
/* End XCVersionGroup section */
	};
	rootObject = 70936715223082A600B19323 /* Project object */;
}
